
Microsoft Visual Studio Solution File, Format Version 11.00
# Visual Studio 2010
Project("{FAE04EC0-301F-11D3-BF4B-00C04F79EFBC}") = "StoryEditor", "StoryEditor\StoryEditor.csproj", "{EE63B2ED-1488-491F-990A-3FA16E2DB135}"
	ProjectSection(ProjectDependencies) = postProject
		{46F3BE0E-71C5-4FA2-872F-3AE6C51D09A5} = {46F3BE0E-71C5-4FA2-872F-3AE6C51D09A5}
		{74D0A613-5889-4615-9EF2-86D3F355D622} = {74D0A613-5889-4615-9EF2-86D3F355D622}
		{925CEAEC-700E-4C1E-A608-A74499CD9588} = {925CEAEC-700E-4C1E-A608-A74499CD9588}
		{7F4492EE-2D7D-41AC-8FE7-C2A28A82C26C} = {7F4492EE-2D7D-41AC-8FE7-C2A28A82C26C}
	EndProjectSection
EndProject
Project("{F184B08F-C81C-45F6-A57F-5ABD9991F28F}") = "AutoUpgrade.Lib", "AutoUpgrade\code\AutoUpgrade.Lib\AutoUpgrade.Lib.vbproj", "{46F3BE0E-71C5-4FA2-872F-3AE6C51D09A5}"
EndProject
Project("{F184B08F-C81C-45F6-A57F-5ABD9991F28F}") = "AutoUpgrade", "AutoUpgrade\code\AutoUpgrade.App\AutoUpgrade.vbproj", "{DEFA9358-620F-48E2-9652-AA19A57646B9}"
EndProject
Project("{54435603-DBB4-11D2-8724-00A0C9A8B90C}") = "Setup OneStory Editor", "Setup OneStory Editor\Setup OneStory Editor.vdproj", "{00C7302E-1C2B-472B-8BF4-E4EBA360E88D}"
EndProject
Project("{FAE04EC0-301F-11D3-BF4B-00C04F79EFBC}") = "AiChorus", "AiChorus\AiChorus.csproj", "{7F4492EE-2D7D-41AC-8FE7-C2A28A82C26C}"
EndProject
Project("{FAE04EC0-301F-11D3-BF4B-00C04F79EFBC}") = "OneStory ChorusPlugin", "OneStory ChorusPlugin\OneStory ChorusPlugin.csproj", "{925CEAEC-700E-4C1E-A608-A74499CD9588}"
EndProject
Project("{FAE04EC0-301F-11D3-BF4B-00C04F79EFBC}") = "AdaptIt ChorusPlugin", "AdaptIt ChorusPlugin\AdaptIt ChorusPlugin.csproj", "{74D0A613-5889-4615-9EF2-86D3F355D622}"
EndProject
Global
	GlobalSection(SolutionConfigurationPlatforms) = preSolution
		Debug|Any CPU = Debug|Any CPU
		Debug|Mixed Platforms = Debug|Mixed Platforms
		Debug|x86 = Debug|x86
		Release|Any CPU = Release|Any CPU
		Release|Mixed Platforms = Release|Mixed Platforms
		Release|x86 = Release|x86
	EndGlobalSection
	GlobalSection(ProjectConfigurationPlatforms) = postSolution
		{EE63B2ED-1488-491F-990A-3FA16E2DB135}.Debug|Any CPU.ActiveCfg = Debug|x86
		{EE63B2ED-1488-491F-990A-3FA16E2DB135}.Debug|Mixed Platforms.ActiveCfg = Debug|x86
		{EE63B2ED-1488-491F-990A-3FA16E2DB135}.Debug|Mixed Platforms.Build.0 = Debug|x86
		{EE63B2ED-1488-491F-990A-3FA16E2DB135}.Debug|x86.ActiveCfg = Debug|x86
		{EE63B2ED-1488-491F-990A-3FA16E2DB135}.Debug|x86.Build.0 = Debug|x86
		{EE63B2ED-1488-491F-990A-3FA16E2DB135}.Release|Any CPU.ActiveCfg = Release|x86
		{EE63B2ED-1488-491F-990A-3FA16E2DB135}.Release|Mixed Platforms.ActiveCfg = Release|x86
		{EE63B2ED-1488-491F-990A-3FA16E2DB135}.Release|Mixed Platforms.Build.0 = Release|x86
		{EE63B2ED-1488-491F-990A-3FA16E2DB135}.Release|x86.ActiveCfg = Release|x86
		{EE63B2ED-1488-491F-990A-3FA16E2DB135}.Release|x86.Build.0 = Release|x86
		{46F3BE0E-71C5-4FA2-872F-3AE6C51D09A5}.Debug|Any CPU.ActiveCfg = Debug|x86
		{46F3BE0E-71C5-4FA2-872F-3AE6C51D09A5}.Debug|Mixed Platforms.ActiveCfg = Debug|x86
		{46F3BE0E-71C5-4FA2-872F-3AE6C51D09A5}.Debug|Mixed Platforms.Build.0 = Debug|x86
		{46F3BE0E-71C5-4FA2-872F-3AE6C51D09A5}.Debug|x86.ActiveCfg = Debug|x86
		{46F3BE0E-71C5-4FA2-872F-3AE6C51D09A5}.Release|Any CPU.ActiveCfg = Release|x86
		{46F3BE0E-71C5-4FA2-872F-3AE6C51D09A5}.Release|Mixed Platforms.ActiveCfg = Release|x86
		{46F3BE0E-71C5-4FA2-872F-3AE6C51D09A5}.Release|Mixed Platforms.Build.0 = Release|x86
		{46F3BE0E-71C5-4FA2-872F-3AE6C51D09A5}.Release|x86.ActiveCfg = Release|x86
		{46F3BE0E-71C5-4FA2-872F-3AE6C51D09A5}.Release|x86.Build.0 = Release|x86
		{DEFA9358-620F-48E2-9652-AA19A57646B9}.Debug|Any CPU.ActiveCfg = Debug|x86
		{DEFA9358-620F-48E2-9652-AA19A57646B9}.Debug|Mixed Platforms.ActiveCfg = Debug|x86
		{DEFA9358-620F-48E2-9652-AA19A57646B9}.Debug|Mixed Platforms.Build.0 = Debug|x86
		{DEFA9358-620F-48E2-9652-AA19A57646B9}.Debug|x86.ActiveCfg = Debug|x86
		{DEFA9358-620F-48E2-9652-AA19A57646B9}.Release|Any CPU.ActiveCfg = Release|x86
		{DEFA9358-620F-48E2-9652-AA19A57646B9}.Release|Mixed Platforms.ActiveCfg = Release|x86
		{DEFA9358-620F-48E2-9652-AA19A57646B9}.Release|Mixed Platforms.Build.0 = Release|x86
		{DEFA9358-620F-48E2-9652-AA19A57646B9}.Release|x86.ActiveCfg = Release|x86
		{DEFA9358-620F-48E2-9652-AA19A57646B9}.Release|x86.Build.0 = Release|x86
		{00C7302E-1C2B-472B-8BF4-E4EBA360E88D}.Debug|Any CPU.ActiveCfg = Debug
		{00C7302E-1C2B-472B-8BF4-E4EBA360E88D}.Debug|Any CPU.Build.0 = Debug
		{00C7302E-1C2B-472B-8BF4-E4EBA360E88D}.Debug|Mixed Platforms.ActiveCfg = Debug
		{00C7302E-1C2B-472B-8BF4-E4EBA360E88D}.Debug|x86.ActiveCfg = Debug
		{00C7302E-1C2B-472B-8BF4-E4EBA360E88D}.Release|Any CPU.ActiveCfg = Release
		{00C7302E-1C2B-472B-8BF4-E4EBA360E88D}.Release|Any CPU.Build.0 = Release
		{00C7302E-1C2B-472B-8BF4-E4EBA360E88D}.Release|Mixed Platforms.ActiveCfg = Release
		{00C7302E-1C2B-472B-8BF4-E4EBA360E88D}.Release|Mixed Platforms.Build.0 = Release
		{00C7302E-1C2B-472B-8BF4-E4EBA360E88D}.Release|x86.ActiveCfg = Release
		{00C7302E-1C2B-472B-8BF4-E4EBA360E88D}.Release|x86.Build.0 = Release
		{7F4492EE-2D7D-41AC-8FE7-C2A28A82C26C}.Debug|Any CPU.ActiveCfg = Debug|x86
		{7F4492EE-2D7D-41AC-8FE7-C2A28A82C26C}.Debug|Mixed Platforms.ActiveCfg = Debug|x86
		{7F4492EE-2D7D-41AC-8FE7-C2A28A82C26C}.Debug|Mixed Platforms.Build.0 = Debug|x86
		{7F4492EE-2D7D-41AC-8FE7-C2A28A82C26C}.Debug|x86.ActiveCfg = Debug|x86
		{7F4492EE-2D7D-41AC-8FE7-C2A28A82C26C}.Release|Any CPU.ActiveCfg = Release|x86
		{7F4492EE-2D7D-41AC-8FE7-C2A28A82C26C}.Release|Mixed Platforms.ActiveCfg = Release|x86
		{7F4492EE-2D7D-41AC-8FE7-C2A28A82C26C}.Release|Mixed Platforms.Build.0 = Release|x86
		{7F4492EE-2D7D-41AC-8FE7-C2A28A82C26C}.Release|x86.ActiveCfg = Release|x86
		{7F4492EE-2D7D-41AC-8FE7-C2A28A82C26C}.Release|x86.Build.0 = Release|x86
		{925CEAEC-700E-4C1E-A608-A74499CD9588}.Debug|Any CPU.ActiveCfg = Debug|Any CPU
		{925CEAEC-700E-4C1E-A608-A74499CD9588}.Debug|Any CPU.Build.0 = Debug|Any CPU
		{925CEAEC-700E-4C1E-A608-A74499CD9588}.Debug|Mixed Platforms.ActiveCfg = Debug|Any CPU
		{925CEAEC-700E-4C1E-A608-A74499CD9588}.Debug|Mixed Platforms.Build.0 = Debug|Any CPU
		{925CEAEC-700E-4C1E-A608-A74499CD9588}.Debug|x86.ActiveCfg = Debug|Any CPU
		{925CEAEC-700E-4C1E-A608-A74499CD9588}.Release|Any CPU.ActiveCfg = Release|Any CPU
		{925CEAEC-700E-4C1E-A608-A74499CD9588}.Release|Any CPU.Build.0 = Release|Any CPU
		{925CEAEC-700E-4C1E-A608-A74499CD9588}.Release|Mixed Platforms.ActiveCfg = Release|Any CPU
		{925CEAEC-700E-4C1E-A608-A74499CD9588}.Release|Mixed Platforms.Build.0 = Release|Any CPU
		{925CEAEC-700E-4C1E-A608-A74499CD9588}.Release|x86.ActiveCfg = Release|Any CPU
		{74D0A613-5889-4615-9EF2-86D3F355D622}.Debug|Any CPU.ActiveCfg = Debug|Any CPU
		{74D0A613-5889-4615-9EF2-86D3F355D622}.Debug|Any CPU.Build.0 = Debug|Any CPU
		{74D0A613-5889-4615-9EF2-86D3F355D622}.Debug|Mixed Platforms.ActiveCfg = Debug|Any CPU
		{74D0A613-5889-4615-9EF2-86D3F355D622}.Debug|Mixed Platforms.Build.0 = Debug|Any CPU
		{74D0A613-5889-4615-9EF2-86D3F355D622}.Debug|x86.ActiveCfg = Debug|Any CPU
		{74D0A613-5889-4615-9EF2-86D3F355D622}.Release|Any CPU.ActiveCfg = Release|Any CPU
		{74D0A613-5889-4615-9EF2-86D3F355D622}.Release|Any CPU.Build.0 = Release|Any CPU
		{74D0A613-5889-4615-9EF2-86D3F355D622}.Release|Mixed Platforms.ActiveCfg = Release|Any CPU
		{74D0A613-5889-4615-9EF2-86D3F355D622}.Release|Mixed Platforms.Build.0 = Release|Any CPU
		{74D0A613-5889-4615-9EF2-86D3F355D622}.Release|x86.ActiveCfg = Release|Any CPU
	EndGlobalSection
	GlobalSection(SolutionProperties) = preSolution
		HideSolutionNode = FALSE
	EndGlobalSection
EndGlobal
