
Microsoft Visual Studio Solution File, Format Version 10.00
# Visual Studio 2008
Project("{FAE04EC0-301F-11D3-BF4B-00C04F79EFBC}") = "NetLoc", "NetLoc.csproj", "{EF711727-8A5D-429B-8E2F-8F1818B15255}"
EndProject
Global
	GlobalSection(SolutionConfigurationPlatforms) = preSolution
		Debug|Any CPU = Debug|Any CPU
		Debug|x86 = Debug|x86
		Release|Any CPU = Release|Any CPU
		Release|x86 = Release|x86
		RepositoryDebug|Any CPU = RepositoryDebug|Any CPU
		RepositoryDebug|x86 = RepositoryDebug|x86
	EndGlobalSection
	GlobalSection(ProjectConfigurationPlatforms) = postSolution
		{EF711727-8A5D-429B-8E2F-8F1818B15255}.Debug|Any CPU.ActiveCfg = Debug|Any CPU
		{EF711727-8A5D-429B-8E2F-8F1818B15255}.Debug|Any CPU.Build.0 = Debug|Any CPU
		{EF711727-8A5D-429B-8E2F-8F1818B15255}.Debug|x86.ActiveCfg = Debug|x86
		{EF711727-8A5D-429B-8E2F-8F1818B15255}.Debug|x86.Build.0 = Debug|x86
		{EF711727-8A5D-429B-8E2F-8F1818B15255}.Release|Any CPU.ActiveCfg = Release|Any CPU
		{EF711727-8A5D-429B-8E2F-8F1818B15255}.Release|Any CPU.Build.0 = Release|Any CPU
		{EF711727-8A5D-429B-8E2F-8F1818B15255}.Release|x86.ActiveCfg = Release|x86
		{EF711727-8A5D-429B-8E2F-8F1818B15255}.Release|x86.Build.0 = Release|x86
		{EF711727-8A5D-429B-8E2F-8F1818B15255}.RepositoryDebug|Any CPU.ActiveCfg = RepositoryDebug|Any CPU
		{EF711727-8A5D-429B-8E2F-8F1818B15255}.RepositoryDebug|Any CPU.Build.0 = RepositoryDebug|Any CPU
		{EF711727-8A5D-429B-8E2F-8F1818B15255}.RepositoryDebug|x86.ActiveCfg = RepositoryDebug|x86
		{EF711727-8A5D-429B-8E2F-8F1818B15255}.RepositoryDebug|x86.Build.0 = RepositoryDebug|x86
	EndGlobalSection
	GlobalSection(SolutionProperties) = preSolution
		HideSolutionNode = FALSE
	EndGlobalSection
EndGlobal
